// !$*UTF8*$!
{
	archiveVersion = 1;
	classes = {
	};
	objectVersion = 50;
	objects = {

/* Begin PBXBuildFile section */
		4222C28D21A9691C00688AF3 /* AppDelegate.swift in Sources */ = {isa = PBXBuildFile; fileRef = 4222C28C21A9691C00688AF3 /* AppDelegate.swift */; };
		4222C28F21A9691C00688AF3 /* CategoriesVC.swift in Sources */ = {isa = PBXBuildFile; fileRef = 4222C28E21A9691C00688AF3 /* CategoriesVC.swift */; };
		4222C29221A9691C00688AF3 /* Main.storyboard in Resources */ = {isa = PBXBuildFile; fileRef = 4222C29021A9691C00688AF3 /* Main.storyboard */; };
		4222C29421A9691D00688AF3 /* Assets.xcassets in Resources */ = {isa = PBXBuildFile; fileRef = 4222C29321A9691D00688AF3 /* Assets.xcassets */; };
		4222C29721A9691D00688AF3 /* LaunchScreen.storyboard in Resources */ = {isa = PBXBuildFile; fileRef = 4222C29521A9691D00688AF3 /* LaunchScreen.storyboard */; };
		4222C2A221A972B300688AF3 /* CategoryCell.swift in Sources */ = {isa = PBXBuildFile; fileRef = 4222C2A121A972B300688AF3 /* CategoryCell.swift */; };
		4222C2A421A97F2400688AF3 /* Category.swift in Sources */ = {isa = PBXBuildFile; fileRef = 4222C2A321A97F2400688AF3 /* Category.swift */; };
		4222C2A721A9822900688AF3 /* DataService.swift in Sources */ = {isa = PBXBuildFile; fileRef = 4222C2A621A9822900688AF3 /* DataService.swift */; };
		4222C2A921A9A23100688AF3 /* ProductCVCell.swift in Sources */ = {isa = PBXBuildFile; fileRef = 4222C2A821A9A23100688AF3 /* ProductCVCell.swift */; };
		4222C2AB21A9A74300688AF3 /* Product.swift in Sources */ = {isa = PBXBuildFile; fileRef = 4222C2AA21A9A74300688AF3 /* Product.swift */; };
		4222C2AD21A9C2E300688AF3 /* ProductsVC.swift in Sources */ = {isa = PBXBuildFile; fileRef = 4222C2AC21A9C2E300688AF3 /* ProductsVC.swift */; };
/* End PBXBuildFile section */

/* Begin PBXFileReference section */
		4222C28921A9691C00688AF3 /* Coder-Swag.app */ = {isa = PBXFileReference; explicitFileType = wrapper.application; includeInIndex = 0; path = "Coder-Swag.app"; sourceTree = BUILT_PRODUCTS_DIR; };
		4222C28C21A9691C00688AF3 /* AppDelegate.swift */ = {isa = PBXFileReference; lastKnownFileType = sourcecode.swift; path = AppDelegate.swift; sourceTree = "<group>"; };
		4222C28E21A9691C00688AF3 /* CategoriesVC.swift */ = {isa = PBXFileReference; lastKnownFileType = sourcecode.swift; path = CategoriesVC.swift; sourceTree = "<group>"; };
		4222C29121A9691C00688AF3 /* Base */ = {isa = PBXFileReference; lastKnownFileType = file.storyboard; name = Base; path = Base.lproj/Main.storyboard; sourceTree = "<group>"; };
		4222C29321A9691D00688AF3 /* Assets.xcassets */ = {isa = PBXFileReference; lastKnownFileType = folder.assetcatalog; path = Assets.xcassets; sourceTree = "<group>"; };
		4222C29621A9691D00688AF3 /* Base */ = {isa = PBXFileReference; lastKnownFileType = file.storyboard; name = Base; path = Base.lproj/LaunchScreen.storyboard; sourceTree = "<group>"; };
		4222C29821A9691D00688AF3 /* Info.plist */ = {isa = PBXFileReference; lastKnownFileType = text.plist.xml; path = Info.plist; sourceTree = "<group>"; };
		4222C2A121A972B300688AF3 /* CategoryCell.swift */ = {isa = PBXFileReference; lastKnownFileType = sourcecode.swift; path = CategoryCell.swift; sourceTree = "<group>"; };
		4222C2A321A97F2400688AF3 /* Category.swift */ = {isa = PBXFileReference; lastKnownFileType = sourcecode.swift; path = Category.swift; sourceTree = "<group>"; };
		4222C2A621A9822900688AF3 /* DataService.swift */ = {isa = PBXFileReference; lastKnownFileType = sourcecode.swift; path = DataService.swift; sourceTree = "<group>"; };
		4222C2A821A9A23100688AF3 /* ProductCVCell.swift */ = {isa = PBXFileReference; lastKnownFileType = sourcecode.swift; path = ProductCVCell.swift; sourceTree = "<group>"; };
		4222C2AA21A9A74300688AF3 /* Product.swift */ = {isa = PBXFileReference; lastKnownFileType = sourcecode.swift; path = Product.swift; sourceTree = "<group>"; };
		4222C2AC21A9C2E300688AF3 /* ProductsVC.swift */ = {isa = PBXFileReference; lastKnownFileType = sourcecode.swift; path = ProductsVC.swift; sourceTree = "<group>"; };
/* End PBXFileReference section */

/* Begin PBXFrameworksBuildPhase section */
		4222C28621A9691C00688AF3 /* Frameworks */ = {
			isa = PBXFrameworksBuildPhase;
			buildActionMask = 2147483647;
			files = (
			);
			runOnlyForDeploymentPostprocessing = 0;
		};
/* End PBXFrameworksBuildPhase section */

/* Begin PBXGroup section */
		4222C28021A9691B00688AF3 = {
			isa = PBXGroup;
			children = (
				4222C28B21A9691C00688AF3 /* Coder-Swag */,
				4222C28A21A9691C00688AF3 /* Products */,
			);
			sourceTree = "<group>";
		};
		4222C28A21A9691C00688AF3 /* Products */ = {
			isa = PBXGroup;
			children = (
				4222C28921A9691C00688AF3 /* Coder-Swag.app */,
			);
			name = Products;
			sourceTree = "<group>";
		};
		4222C28B21A9691C00688AF3 /* Coder-Swag */ = {
			isa = PBXGroup;
			children = (
				4222C2A521A9821300688AF3 /* Services */,
				4222C2A021A9725300688AF3 /* View */,
				4222C29F21A9724D00688AF3 /* Model */,
				4222C29E21A9724600688AF3 /* Controller */,
				4222C28C21A9691C00688AF3 /* AppDelegate.swift */,
				4222C29321A9691D00688AF3 /* Assets.xcassets */,
				4222C29521A9691D00688AF3 /* LaunchScreen.storyboard */,
				4222C29821A9691D00688AF3 /* Info.plist */,
			);
			path = "Coder-Swag";
			sourceTree = "<group>";
		};
		4222C29E21A9724600688AF3 /* Controller */ = {
			isa = PBXGroup;
			children = (
				4222C28E21A9691C00688AF3 /* CategoriesVC.swift */,
				4222C2AC21A9C2E300688AF3 /* ProductsVC.swift */,
			);
			path = Controller;
			sourceTree = "<group>";
		};
		4222C29F21A9724D00688AF3 /* Model */ = {
			isa = PBXGroup;
			children = (
				4222C2A321A97F2400688AF3 /* Category.swift */,
				4222C2AA21A9A74300688AF3 /* Product.swift */,
			);
			path = Model;
			sourceTree = "<group>";
		};
		4222C2A021A9725300688AF3 /* View */ = {
			isa = PBXGroup;
			children = (
				4222C2A121A972B300688AF3 /* CategoryCell.swift */,
				4222C29021A9691C00688AF3 /* Main.storyboard */,
				4222C2A821A9A23100688AF3 /* ProductCVCell.swift */,
			);
			path = View;
			sourceTree = "<group>";
		};
		4222C2A521A9821300688AF3 /* Services */ = {
			isa = PBXGroup;
			children = (
				4222C2A621A9822900688AF3 /* DataService.swift */,
			);
			path = Services;
			sourceTree = "<group>";
		};
/* End PBXGroup section */

/* Begin PBXNativeTarget section */
		4222C28821A9691C00688AF3 /* Coder-Swag */ = {
			isa = PBXNativeTarget;
			buildConfigurationList = 4222C29B21A9691D00688AF3 /* Build configuration list for PBXNativeTarget "Coder-Swag" */;
			buildPhases = (
				4222C28521A9691C00688AF3 /* Sources */,
				4222C28621A9691C00688AF3 /* Frameworks */,
				4222C28721A9691C00688AF3 /* Resources */,
			);
			buildRules = (
			);
			dependencies = (
			);
			name = "Coder-Swag";
			productName = "Coder-Swag";
			productReference = 4222C28921A9691C00688AF3 /* Coder-Swag.app */;
			productType = "com.apple.product-type.application";
		};
/* End PBXNativeTarget section */

/* Begin PBXProject section */
		4222C28121A9691B00688AF3 /* Project object */ = {
			isa = PBXProject;
			attributes = {
				LastSwiftUpdateCheck = 1010;
				LastUpgradeCheck = 1010;
				ORGANIZATIONNAME = "Mohammed Mohsin Sayed";
				TargetAttributes = {
					4222C28821A9691C00688AF3 = {
						CreatedOnToolsVersion = 10.1;
					};
				};
			};
			buildConfigurationList = 4222C28421A9691B00688AF3 /* Build configuration list for PBXProject "Coder-Swag" */;
			compatibilityVersion = "Xcode 9.3";
			developmentRegion = en;
			hasScannedForEncodings = 0;
			knownRegions = (
				en,
				Base,
			);
			mainGroup = 4222C28021A9691B00688AF3;
			productRefGroup = 4222C28A21A9691C00688AF3 /* Products */;
			projectDirPath = "";
			projectRoot = "";
			targets = (
				4222C28821A9691C00688AF3 /* Coder-Swag */,
			);
		};
/* End PBXProject section */

/* Begin PBXResourcesBuildPhase section */
		4222C28721A9691C00688AF3 /* Resources */ = {
			isa = PBXResourcesBuildPhase;
			buildActionMask = 2147483647;
			files = (
				4222C29721A9691D00688AF3 /* LaunchScreen.storyboard in Resources */,
				4222C29421A9691D00688AF3 /* Assets.xcassets in Resources */,
				4222C29221A9691C00688AF3 /* Main.storyboard in Resources */,
			);
			runOnlyForDeploymentPostprocessing = 0;
		};
/* End PBXResourcesBuildPhase section */

/* Begin PBXSourcesBuildPhase section */
		4222C28521A9691C00688AF3 /* Sources */ = {
			isa = PBXSourcesBuildPhase;
			buildActionMask = 2147483647;
			files = (
				4222C28F21A9691C00688AF3 /* CategoriesVC.swift in Sources */,
				4222C28D21A9691C00688AF3 /* AppDelegate.swift in Sources */,
				4222C2A921A9A23100688AF3 /* ProductCVCell.swift in Sources */,
				4222C2A221A972B300688AF3 /* CategoryCell.swift in Sources */,
				4222C2AD21A9C2E300688AF3 /* ProductsVC.swift in Sources */,
				4222C2A421A97F2400688AF3 /* Category.swift in Sources */,
				4222C2A721A9822900688AF3 /* DataService.swift in Sources */,
				4222C2AB21A9A74300688AF3 /* Product.swift in Sources */,
			);
			runOnlyForDeploymentPostprocessing = 0;
		};
/* End PBXSourcesBuildPhase section */

/* Begin PBXVariantGroup section */
		4222C29021A9691C00688AF3 /* Main.storyboard */ = {
			isa = PBXVariantGroup;
			children = (
				4222C29121A9691C00688AF3 /* Base */,
			);
			name = Main.storyboard;
			sourceTree = "<group>";
		};
		4222C29521A9691D00688AF3 /* LaunchScreen.storyboard */ = {
			isa = PBXVariantGroup;
			children = (
				4222C29621A9691D00688AF3 /* Base */,
			);
			name = LaunchScreen.storyboard;
			sourceTree = "<group>";
		};
/* End PBXVariantGroup section */

/* Begin XCBuildConfiguration section */
		4222C29921A9691D00688AF3 /* Debug */ = {
			isa = XCBuildConfiguration;
			buildSettings = {
				ALWAYS_SEARCH_USER_PATHS = NO;
				CLANG_ANALYZER_NONNULL = YES;
				CLANG_ANALYZER_NUMBER_OBJECT_CONVERSION = YES_AGGRESSIVE;
				CLANG_CXX_LANGUAGE_STANDARD = "gnu++14";
				CLANG_CXX_LIBRARY = "libc++";
				CLANG_ENABLE_MODULES = YES;
				CLANG_ENABLE_OBJC_ARC = YES;
				CLANG_ENABLE_OBJC_WEAK = YES;
				CLANG_WARN_BLOCK_CAPTURE_AUTORELEASING = YES;
				CLANG_WARN_BOOL_CONVERSION = YES;
				CLANG_WARN_COMMA = YES;
				CLANG_WARN_CONSTANT_CONVERSION = YES;
				CLANG_WARN_DEPRECATED_OBJC_IMPLEMENTATIONS = YES;
				CLANG_WARN_DIRECT_OBJC_ISA_USAGE = YES_ERROR;
				CLANG_WARN_DOCUMENTATION_COMMENTS = YES;
				CLANG_WARN_EMPTY_BODY = YES;
				CLANG_WARN_ENUM_CONVERSION = YES;
				CLANG_WARN_INFINITE_RECURSION = YES;
				CLANG_WARN_INT_CONVERSION = YES;
				CLANG_WARN_NON_LITERAL_NULL_CONVERSION = YES;
				CLANG_WARN_OBJC_IMPLICIT_RETAIN_SELF = YES;
				CLANG_WARN_OBJC_LITERAL_CONVERSION = YES;
				CLANG_WARN_OBJC_ROOT_CLASS = YES_ERROR;
				CLANG_WARN_RANGE_LOOP_ANALYSIS = YES;
				CLANG_WARN_STRICT_PROTOTYPES = YES;
				CLANG_WARN_SUSPICIOUS_MOVE = YES;
				CLANG_WARN_UNGUARDED_AVAILABILITY = YES_AGGRESSIVE;
				CLANG_WARN_UNREACHABLE_CODE = YES;
				CLANG_WARN__DUPLICATE_METHOD_MATCH = YES;
				CODE_SIGN_IDENTITY = "iPhone Developer";
				COPY_PHASE_STRIP = NO;
				DEBUG_INFORMATION_FORMAT = dwarf;
				ENABLE_STRICT_OBJC_MSGSEND = YES;
				ENABLE_TESTABILITY = YES;
				GCC_C_LANGUAGE_STANDARD = gnu11;
				GCC_DYNAMIC_NO_PIC = NO;
				GCC_NO_COMMON_BLOCKS = YES;
				GCC_OPTIMIZATION_LEVEL = 0;
				GCC_PREPROCESSOR_DEFINITIONS = (
					"DEBUG=1",
					"$(inherited)",
				);
				GCC_WARN_64_TO_32_BIT_CONVERSION = YES;
				GCC_WARN_ABOUT_RETURN_TYPE = YES_ERROR;
				GCC_WARN_UNDECLARED_SELECTOR = YES;
				GCC_WARN_UNINITIALIZED_AUTOS = YES_AGGRESSIVE;
				GCC_WARN_UNUSED_FUNCTION = YES;
				GCC_WARN_UNUSED_VARIABLE = YES;
				IPHONEOS_DEPLOYMENT_TARGET = 12.1;
				MTL_ENABLE_DEBUG_INFO = INCLUDE_SOURCE;
				MTL_FAST_MATH = YES;
				ONLY_ACTIVE_ARCH = YES;
				SDKROOT = iphoneos;
				SWIFT_ACTIVE_COMPILATION_CONDITIONS = DEBUG;
				SWIFT_OPTIMIZATION_LEVEL = "-Onone";
			};
			name = Debug;
		};
		4222C29A21A9691D00688AF3 /* Release */ = {
			isa = XCBuildConfiguration;
			buildSettings = {
				ALWAYS_SEARCH_USER_PATHS = NO;
				CLANG_ANALYZER_NONNULL = YES;
				CLANG_ANALYZER_NUMBER_OBJECT_CONVERSION = YES_AGGRESSIVE;
				CLANG_CXX_LANGUAGE_STANDARD = "gnu++14";
				CLANG_CXX_LIBRARY = "libc++";
				CLANG_ENABLE_MODULES = YES;
				CLANG_ENABLE_OBJC_ARC = YES;
				CLANG_ENABLE_OBJC_WEAK = YES;
				CLANG_WARN_BLOCK_CAPTURE_AUTORELEASING = YES;
				CLANG_WARN_BOOL_CONVERSION = YES;
				CLANG_WARN_COMMA = YES;
				CLANG_WARN_CONSTANT_CONVERSION = YES;
				CLANG_WARN_DEPRECATED_OBJC_IMPLEMENTATIONS = YES;
				CLANG_WARN_DIRECT_OBJC_ISA_USAGE = YES_ERROR;
				CLANG_WARN_DOCUMENTATION_COMMENTS = YES;
				CLANG_WARN_EMPTY_BODY = YES;
				CLANG_WARN_ENUM_CONVERSION = YES;
				CLANG_WARN_INFINITE_RECURSION = YES;
				CLANG_WARN_INT_CONVERSION = YES;
				CLANG_WARN_NON_LITERAL_NULL_CONVERSION = YES;
				CLANG_WARN_OBJC_IMPLICIT_RETAIN_SELF = YES;
				CLANG_WARN_OBJC_LITERAL_CONVERSION = YES;
				CLANG_WARN_OBJC_ROOT_CLASS = YES_ERROR;
				CLANG_WARN_RANGE_LOOP_ANALYSIS = YES;
				CLANG_WARN_STRICT_PROTOTYPES = YES;
				CLANG_WARN_SUSPICIOUS_MOVE = YES;
				CLANG_WARN_UNGUARDED_AVAILABILITY = YES_AGGRESSIVE;
				CLANG_WARN_UNREACHABLE_CODE = YES;
				CLANG_WARN__DUPLICATE_METHOD_MATCH = YES;
				CODE_SIGN_IDENTITY = "iPhone Developer";
				COPY_PHASE_STRIP = NO;
				DEBUG_INFORMATION_FORMAT = "dwarf-with-dsym";
				ENABLE_NS_ASSERTIONS = NO;
				ENABLE_STRICT_OBJC_MSGSEND = YES;
				GCC_C_LANGUAGE_STANDARD = gnu11;
				GCC_NO_COMMON_BLOCKS = YES;
				GCC_WARN_64_TO_32_BIT_CONVERSION = YES;
				GCC_WARN_ABOUT_RETURN_TYPE = YES_ERROR;
				GCC_WARN_UNDECLARED_SELECTOR = YES;
				GCC_WARN_UNINITIALIZED_AUTOS = YES_AGGRESSIVE;
				GCC_WARN_UNUSED_FUNCTION = YES;
				GCC_WARN_UNUSED_VARIABLE = YES;
				IPHONEOS_DEPLOYMENT_TARGET = 12.1;
				MTL_ENABLE_DEBUG_INFO = NO;
				MTL_FAST_MATH = YES;
				SDKROOT = iphoneos;
				SWIFT_COMPILATION_MODE = wholemodule;
				SWIFT_OPTIMIZATION_LEVEL = "-O";
				VALIDATE_PRODUCT = YES;
			};
			name = Release;
		};
		4222C29C21A9691D00688AF3 /* Debug */ = {
			isa = XCBuildConfiguration;
			buildSettings = {
				ASSETCATALOG_COMPILER_APPICON_NAME = AppIcon;
				CODE_SIGN_STYLE = Automatic;
				INFOPLIST_FILE = "Coder-Swag/Info.plist";
				IPHONEOS_DEPLOYMENT_TARGET = 12.1;
				LD_RUNPATH_SEARCH_PATHS = (
					"$(inherited)",
					"@executable_path/Frameworks",
				);
				PRODUCT_BUNDLE_IDENTIFIER = "mohsin.Coder-Swag";
				PRODUCT_NAME = "$(TARGET_NAME)";
				SWIFT_VERSION = 4.2;
				TARGETED_DEVICE_FAMILY = "1,2";
			};
			name = Debug;
		};
		4222C29D21A9691D00688AF3 /* Release */ = {
			isa = XCBuildConfiguration;
			buildSettings = {
				ASSETCATALOG_COMPILER_APPICON_NAME = AppIcon;
				CODE_SIGN_STYLE = Automatic;
				INFOPLIST_FILE = "Coder-Swag/Info.plist";
				IPHONEOS_DEPLOYMENT_TARGET = 12.1;
				LD_RUNPATH_SEARCH_PATHS = (
					"$(inherited)",
					"@executable_path/Frameworks",
				);
				PRODUCT_BUNDLE_IDENTIFIER = "mohsin.Coder-Swag";
				PRODUCT_NAME = "$(TARGET_NAME)";
				SWIFT_VERSION = 4.2;
				TARGETED_DEVICE_FAMILY = "1,2";
			};
			name = Release;
		};
/* End XCBuildConfiguration section */

/* Begin XCConfigurationList section */
		4222C28421A9691B00688AF3 /* Build configuration list for PBXProject "Coder-Swag" */ = {
			isa = XCConfigurationList;
			buildConfigurations = (
				4222C29921A9691D00688AF3 /* Debug */,
				4222C29A21A9691D00688AF3 /* Release */,
			);
			defaultConfigurationIsVisible = 0;
			defaultConfigurationName = Release;
		};
		4222C29B21A9691D00688AF3 /* Build configuration list for PBXNativeTarget "Coder-Swag" */ = {
			isa = XCConfigurationList;
			buildConfigurations = (
				4222C29C21A9691D00688AF3 /* Debug */,
				4222C29D21A9691D00688AF3 /* Release */,
			);
			defaultConfigurationIsVisible = 0;
			defaultConfigurationName = Release;
		};
/* End XCConfigurationList section */
	};
	rootObject = 4222C28121A9691B00688AF3 /* Project object */;
}
